
Microsoft Visual Studio Solution File, Format Version 12.00
# Visual Studio Version 17
VisualStudioVersion = 17.3.32804.467
MinimumVisualStudioVersion = 10.0.40219.1
Project("{FAE04EC0-301F-11D3-BF4B-00C04F79EFBC}") = "Quiz Selenium", "Quiz Selenium\Quiz Selenium.csproj", "{7A9729EA-A3FE-4C76-B2E0-80084D72E11F}"
EndProject
Global
	GlobalSection(SolutionConfigurationPlatforms) = preSolution
		Debug|Any CPU = Debug|Any CPU
		Release|Any CPU = Release|Any CPU
	EndGlobalSection
	GlobalSection(ProjectConfigurationPlatforms) = postSolution
		{7A9729EA-A3FE-4C76-B2E0-80084D72E11F}.Debug|Any CPU.ActiveCfg = Debug|Any CPU
		{7A9729EA-A3FE-4C76-B2E0-80084D72E11F}.Debug|Any CPU.Build.0 = Debug|Any CPU
		{7A9729EA-A3FE-4C76-B2E0-80084D72E11F}.Release|Any CPU.ActiveCfg = Release|Any CPU
		{7A9729EA-A3FE-4C76-B2E0-80084D72E11F}.Release|Any CPU.Build.0 = Release|Any CPU
	EndGlobalSection
	GlobalSection(SolutionProperties) = preSolution
		HideSolutionNode = FALSE
	EndGlobalSection
	GlobalSection(ExtensibilityGlobals) = postSolution
		SolutionGuid = {197262FA-B235-4FA7-AE19-F81AC74B03D2}
	EndGlobalSection
EndGlobal
